
Microsoft Visual Studio Solution File, Format Version 12.00
# Visual Studio 15
VisualStudioVersion = 15.0.27130.2020
MinimumVisualStudioVersion = 10.0.40219.1
Project("{FAE04EC0-301F-11D3-BF4B-00C04F79EFBC}") = "HW8", "HW8\HW8.csproj", "{8F06AD6C-EF38-4839-BC55-875176AFBE33}"
EndProject
Global
	GlobalSection(SolutionConfigurationPlatforms) = preSolution
		Debug|Any CPU = Debug|Any CPU
		Release|Any CPU = Release|Any CPU
	EndGlobalSection
	GlobalSection(ProjectConfigurationPlatforms) = postSolution
		{8F06AD6C-EF38-4839-BC55-875176AFBE33}.Debug|Any CPU.ActiveCfg = Debug|Any CPU
		{8F06AD6C-EF38-4839-BC55-875176AFBE33}.Debug|Any CPU.Build.0 = Debug|Any CPU
		{8F06AD6C-EF38-4839-BC55-875176AFBE33}.Release|Any CPU.ActiveCfg = Release|Any CPU
		{8F06AD6C-EF38-4839-BC55-875176AFBE33}.Release|Any CPU.Build.0 = Release|Any CPU
	EndGlobalSection
	GlobalSection(SolutionProperties) = preSolution
		HideSolutionNode = FALSE
	EndGlobalSection
	GlobalSection(ExtensibilityGlobals) = postSolution
		SolutionGuid = {3DFBB744-27FD-4B26-A775-D64858057ED7}
	EndGlobalSection
EndGlobal
